{
  "pins" : [
    {
      "identity" : "meshgradient",
      "kind" : "remoteSourceControl",
      "location" : "https://github.com/EthanLipnik/MeshGradient.git",
      "state" : {
        "revision" : "6497aed1898ecc1f24a6ace6537c13bd86221a08",
        "version" : "1.0.8"
      }
    }
  ],
  "version" : 2
}
