{
  "pins" : [
    {
      "identity" : "meshgradient",
      "kind" : "remoteSourceControl",
      "location" : "https://github.com/oofimaconsumer/MeshGradient",
      "state" : {
        "revision" : "0c9eea9889941e41760934f69d0bbb0dc1f0a26d",
        "version" : "0.1.0"
      }
    }
  ],
  "version" : 2
}
